
Microsoft Visual Studio Solution File, Format Version 12.00
# Visual Studio Version 16
VisualStudioVersion = 16.0.30114.105
MinimumVisualStudioVersion = 10.0.40219.1
Project("{FAE04EC0-301F-11D3-BF4B-00C04F79EFBC}") = "AttendanceApp", "AttendanceApp.csproj", "{C58A848A-7003-4CE4-B788-2023A68FA162}"
EndProject
Global
	GlobalSection(SolutionConfigurationPlatforms) = preSolution
		Debug|Any CPU = Debug|Any CPU
		Release|Any CPU = Release|Any CPU
	EndGlobalSection
	GlobalSection(ProjectConfigurationPlatforms) = postSolution
		{C58A848A-7003-4CE4-B788-2023A68FA162}.Debug|Any CPU.ActiveCfg = Debug|Any CPU
		{C58A848A-7003-4CE4-B788-2023A68FA162}.Debug|Any CPU.Build.0 = Debug|Any CPU
		{C58A848A-7003-4CE4-B788-2023A68FA162}.Release|Any CPU.ActiveCfg = Release|Any CPU
		{C58A848A-7003-4CE4-B788-2023A68FA162}.Release|Any CPU.Build.0 = Release|Any CPU
	EndGlobalSection
	GlobalSection(SolutionProperties) = preSolution
		HideSolutionNode = FALSE
	EndGlobalSection
	GlobalSection(ExtensibilityGlobals) = postSolution
		SolutionGuid = {9A223E06-A4D3-439E-AA06-B2EA415E6AA5}
	EndGlobalSection
EndGlobal
